PODS:
  - dgis_maps_flutter (0.0.1):
    - DGisMobileSDK
    - Flutter
  - DGisMobileSDK (4.6.2-map)
  - Flutter (1.0.0)

DEPENDENCIES:
  - dgis_maps_flutter (from `.symlinks/plugins/dgis_maps_flutter/ios`)
  - DGisMobileSDK (from `https://raw.githubusercontent.com/2gis/mobile-sdk-map-swift-package/master/DGisMobileSDK.podspec`)
  - Flutter (from `Flutter`)

EXTERNAL SOURCES:
  dgis_maps_flutter:
    :path: ".symlinks/plugins/dgis_maps_flutter/ios"
  DGisMobileSDK:
    :podspec: https://raw.githubusercontent.com/2gis/mobile-sdk-map-swift-package/master/DGisMobileSDK.podspec
  Flutter:
    :path: Flutter

SPEC CHECKSUMS:
  dgis_maps_flutter: 22d4a7cccd90e127125425e1530453e5ba42be54
  DGisMobileSDK: 06127647be9249a23428a6b4dceee10254387874
  Flutter: f04841e97a9d0b0a8025694d0796dd46242b2854

PODFILE CHECKSUM: 31e3341e5e2f6100566df9634522e52fe44e4751

COCOAPODS: 1.11.3
